
Microsoft Visual Studio Solution File, Format Version 12.00
# Visual Studio 15
VisualStudioVersion = 15.0.27004.2010
MinimumVisualStudioVersion = 10.0.40219.1
Project("{FAE04EC0-301F-11D3-BF4B-00C04F79EFBC}") = "SignalR-Chat", "SignalR-Chat\SignalR-Chat.csproj", "{0C084150-2E9F-4B97-8C06-898DD6C137BC}"
EndProject
Global
	GlobalSection(SolutionConfigurationPlatforms) = preSolution
		Debug|Any CPU = Debug|Any CPU
		Release|Any CPU = Release|Any CPU
	EndGlobalSection
	GlobalSection(ProjectConfigurationPlatforms) = postSolution
		{0C084150-2E9F-4B97-8C06-898DD6C137BC}.Debug|Any CPU.ActiveCfg = Debug|Any CPU
		{0C084150-2E9F-4B97-8C06-898DD6C137BC}.Debug|Any CPU.Build.0 = Debug|Any CPU
		{0C084150-2E9F-4B97-8C06-898DD6C137BC}.Release|Any CPU.ActiveCfg = Release|Any CPU
		{0C084150-2E9F-4B97-8C06-898DD6C137BC}.Release|Any CPU.Build.0 = Release|Any CPU
	EndGlobalSection
	GlobalSection(SolutionProperties) = preSolution
		HideSolutionNode = FALSE
	EndGlobalSection
	GlobalSection(ExtensibilityGlobals) = postSolution
		SolutionGuid = {5532E0ED-9098-4497-AF50-C0F004F765F6}
	EndGlobalSection
EndGlobal
